// !$*UTF8*$!
{
	archiveVersion = 1;
	classes = {
	};
	objectVersion = 50;
	objects = {

/* Begin PBXBuildFile section */
		767678F6C258C2BC8D4A3776 /* libPods-Sharwa.co.a in Frameworks */ = {isa = PBXBuildFile; fileRef = D2DA003F561C6C96228C68B9 /* libPods-Sharwa.co.a */; };
		7E4A5469216939D400209BAF /* AppDelegate.swift in Sources */ = {isa = PBXBuildFile; fileRef = 7E4A5468216939D400209BAF /* AppDelegate.swift */; };
		7E4A546B216939D400209BAF /* CreateAccountViewController.swift in Sources */ = {isa = PBXBuildFile; fileRef = 7E4A546A216939D400209BAF /* CreateAccountViewController.swift */; };
		7E4A546E216939D400209BAF /* Main.storyboard in Resources */ = {isa = PBXBuildFile; fileRef = 7E4A546C216939D400209BAF /* Main.storyboard */; };
		7E4A5470216939DB00209BAF /* Assets.xcassets in Resources */ = {isa = PBXBuildFile; fileRef = 7E4A546F216939DB00209BAF /* Assets.xcassets */; };
		7E4A5473216939DB00209BAF /* LaunchScreen.storyboard in Resources */ = {isa = PBXBuildFile; fileRef = 7E4A5471216939DB00209BAF /* LaunchScreen.storyboard */; };
		7E4A547B21693AE500209BAF /* GoogleService-Info.plist in Resources */ = {isa = PBXBuildFile; fileRef = 7E4A547A21693AE500209BAF /* GoogleService-Info.plist */; };
/* End PBXBuildFile section */

/* Begin PBXFileReference section */
		7E4A5465216939D400209BAF /* Sharwa.co.app */ = {isa = PBXFileReference; explicitFileType = wrapper.application; includeInIndex = 0; path = Sharwa.co.app; sourceTree = BUILT_PRODUCTS_DIR; };
		7E4A5468216939D400209BAF /* AppDelegate.swift */ = {isa = PBXFileReference; lastKnownFileType = sourcecode.swift; path = AppDelegate.swift; sourceTree = "<group>"; };
		7E4A546A216939D400209BAF /* CreateAccountViewController.swift */ = {isa = PBXFileReference; lastKnownFileType = sourcecode.swift; path = CreateAccountViewController.swift; sourceTree = "<group>"; };
		7E4A546D216939D400209BAF /* Base */ = {isa = PBXFileReference; lastKnownFileType = file.storyboard; name = Base; path = Base.lproj/Main.storyboard; sourceTree = "<group>"; };
		7E4A546F216939DB00209BAF /* Assets.xcassets */ = {isa = PBXFileReference; lastKnownFileType = folder.assetcatalog; path = Assets.xcassets; sourceTree = "<group>"; };
		7E4A5472216939DB00209BAF /* Base */ = {isa = PBXFileReference; lastKnownFileType = file.storyboard; name = Base; path = Base.lproj/LaunchScreen.storyboard; sourceTree = "<group>"; };
		7E4A5474216939DB00209BAF /* Info.plist */ = {isa = PBXFileReference; lastKnownFileType = text.plist.xml; path = Info.plist; sourceTree = "<group>"; };
		7E4A547A21693AE500209BAF /* GoogleService-Info.plist */ = {isa = PBXFileReference; fileEncoding = 4; lastKnownFileType = text.plist.xml; path = "GoogleService-Info.plist"; sourceTree = "<group>"; };
		A4B8B15ACAB0D755C5811C0F /* Pods-Sharwa.co.release.xcconfig */ = {isa = PBXFileReference; includeInIndex = 1; lastKnownFileType = text.xcconfig; name = "Pods-Sharwa.co.release.xcconfig"; path = "Pods/Target Support Files/Pods-Sharwa.co/Pods-Sharwa.co.release.xcconfig"; sourceTree = "<group>"; };
		D0AD636BF7DEEDC32F3B43A6 /* Pods-Sharwa.co.debug.xcconfig */ = {isa = PBXFileReference; includeInIndex = 1; lastKnownFileType = text.xcconfig; name = "Pods-Sharwa.co.debug.xcconfig"; path = "Pods/Target Support Files/Pods-Sharwa.co/Pods-Sharwa.co.debug.xcconfig"; sourceTree = "<group>"; };
		D2DA003F561C6C96228C68B9 /* libPods-Sharwa.co.a */ = {isa = PBXFileReference; explicitFileType = archive.ar; includeInIndex = 0; path = "libPods-Sharwa.co.a"; sourceTree = BUILT_PRODUCTS_DIR; };
/* End PBXFileReference section */

/* Begin PBXFrameworksBuildPhase section */
		7E4A5462216939D400209BAF /* Frameworks */ = {
			isa = PBXFrameworksBuildPhase;
			buildActionMask = 2147483647;
			files = (
				767678F6C258C2BC8D4A3776 /* libPods-Sharwa.co.a in Frameworks */,
			);
			runOnlyForDeploymentPostprocessing = 0;
		};
/* End PBXFrameworksBuildPhase section */

/* Begin PBXGroup section */
		7E4A545C216939D300209BAF = {
			isa = PBXGroup;
			children = (
				7E4A5467216939D400209BAF /* Sharwa.co */,
				7E4A5466216939D400209BAF /* Products */,
				BC19796A365FAB1F150B50EB /* Pods */,
				B7263B77C8B9901362E8D81F /* Frameworks */,
			);
			sourceTree = "<group>";
		};
		7E4A5466216939D400209BAF /* Products */ = {
			isa = PBXGroup;
			children = (
				7E4A5465216939D400209BAF /* Sharwa.co.app */,
			);
			name = Products;
			sourceTree = "<group>";
		};
		7E4A5467216939D400209BAF /* Sharwa.co */ = {
			isa = PBXGroup;
			children = (
				7E4A5468216939D400209BAF /* AppDelegate.swift */,
				7E4A546A216939D400209BAF /* CreateAccountViewController.swift */,
				7E4A546C216939D400209BAF /* Main.storyboard */,
				7E4A546F216939DB00209BAF /* Assets.xcassets */,
				7E4A5471216939DB00209BAF /* LaunchScreen.storyboard */,
				7E4A5474216939DB00209BAF /* Info.plist */,
				7E4A547A21693AE500209BAF /* GoogleService-Info.plist */,
			);
			path = Sharwa.co;
			sourceTree = "<group>";
		};
		B7263B77C8B9901362E8D81F /* Frameworks */ = {
			isa = PBXGroup;
			children = (
				D2DA003F561C6C96228C68B9 /* libPods-Sharwa.co.a */,
			);
			name = Frameworks;
			sourceTree = "<group>";
		};
		BC19796A365FAB1F150B50EB /* Pods */ = {
			isa = PBXGroup;
			children = (
				D0AD636BF7DEEDC32F3B43A6 /* Pods-Sharwa.co.debug.xcconfig */,
				A4B8B15ACAB0D755C5811C0F /* Pods-Sharwa.co.release.xcconfig */,
			);
			name = Pods;
			sourceTree = "<group>";
		};
/* End PBXGroup section */

/* Begin PBXNativeTarget section */
		7E4A5464216939D400209BAF /* Sharwa.co */ = {
			isa = PBXNativeTarget;
			buildConfigurationList = 7E4A5477216939DB00209BAF /* Build configuration list for PBXNativeTarget "Sharwa.co" */;
			buildPhases = (
				2E73CB8C36FB038B7190D6E9 /* [CP] Check Pods Manifest.lock */,
				7E4A5461216939D400209BAF /* Sources */,
				7E4A5462216939D400209BAF /* Frameworks */,
				7E4A5463216939D400209BAF /* Resources */,
			);
			buildRules = (
			);
			dependencies = (
			);
			name = Sharwa.co;
			productName = Sharwa.co;
			productReference = 7E4A5465216939D400209BAF /* Sharwa.co.app */;
			productType = "com.apple.product-type.application";
		};
/* End PBXNativeTarget section */

/* Begin PBXProject section */
		7E4A545D216939D400209BAF /* Project object */ = {
			isa = PBXProject;
			attributes = {
				LastSwiftUpdateCheck = 1000;
				LastUpgradeCheck = 1000;
				ORGANIZATIONNAME = "Ahmed Elbasha";
				TargetAttributes = {
					7E4A5464216939D400209BAF = {
						CreatedOnToolsVersion = 10.0;
					};
				};
			};
			buildConfigurationList = 7E4A5460216939D400209BAF /* Build configuration list for PBXProject "Sharwa.co" */;
			compatibilityVersion = "Xcode 9.3";
			developmentRegion = en;
			hasScannedForEncodings = 0;
			knownRegions = (
				en,
				Base,
			);
			mainGroup = 7E4A545C216939D300209BAF;
			productRefGroup = 7E4A5466216939D400209BAF /* Products */;
			projectDirPath = "";
			projectRoot = "";
			targets = (
				7E4A5464216939D400209BAF /* Sharwa.co */,
			);
		};
/* End PBXProject section */

/* Begin PBXResourcesBuildPhase section */
		7E4A5463216939D400209BAF /* Resources */ = {
			isa = PBXResourcesBuildPhase;
			buildActionMask = 2147483647;
			files = (
				7E4A5473216939DB00209BAF /* LaunchScreen.storyboard in Resources */,
				7E4A5470216939DB00209BAF /* Assets.xcassets in Resources */,
				7E4A547B21693AE500209BAF /* GoogleService-Info.plist in Resources */,
				7E4A546E216939D400209BAF /* Main.storyboard in Resources */,
			);
			runOnlyForDeploymentPostprocessing = 0;
		};
/* End PBXResourcesBuildPhase section */

/* Begin PBXShellScriptBuildPhase section */
		2E73CB8C36FB038B7190D6E9 /* [CP] Check Pods Manifest.lock */ = {
			isa = PBXShellScriptBuildPhase;
			buildActionMask = 2147483647;
			files = (
			);
			inputPaths = (
				"${PODS_PODFILE_DIR_PATH}/Podfile.lock",
				"${PODS_ROOT}/Manifest.lock",
			);
			name = "[CP] Check Pods Manifest.lock";
			outputPaths = (
				"$(DERIVED_FILE_DIR)/Pods-Sharwa.co-checkManifestLockResult.txt",
			);
			runOnlyForDeploymentPostprocessing = 0;
			shellPath = /bin/sh;
			shellScript = "diff \"${PODS_PODFILE_DIR_PATH}/Podfile.lock\" \"${PODS_ROOT}/Manifest.lock\" > /dev/null\nif [ $? != 0 ] ; then\n    # print error to STDERR\n    echo \"error: The sandbox is not in sync with the Podfile.lock. Run 'pod install' or update your CocoaPods installation.\" >&2\n    exit 1\nfi\n# This output is used by Xcode 'outputs' to avoid re-running this script phase.\necho \"SUCCESS\" > \"${SCRIPT_OUTPUT_FILE_0}\"\n";
			showEnvVarsInLog = 0;
		};
/* End PBXShellScriptBuildPhase section */

/* Begin PBXSourcesBuildPhase section */
		7E4A5461216939D400209BAF /* Sources */ = {
			isa = PBXSourcesBuildPhase;
			buildActionMask = 2147483647;
			files = (
				7E4A546B216939D400209BAF /* CreateAccountViewController.swift in Sources */,
				7E4A5469216939D400209BAF /* AppDelegate.swift in Sources */,
			);
			runOnlyForDeploymentPostprocessing = 0;
		};
/* End PBXSourcesBuildPhase section */

/* Begin PBXVariantGroup section */
		7E4A546C216939D400209BAF /* Main.storyboard */ = {
			isa = PBXVariantGroup;
			children = (
				7E4A546D216939D400209BAF /* Base */,
			);
			name = Main.storyboard;
			sourceTree = "<group>";
		};
		7E4A5471216939DB00209BAF /* LaunchScreen.storyboard */ = {
			isa = PBXVariantGroup;
			children = (
				7E4A5472216939DB00209BAF /* Base */,
			);
			name = LaunchScreen.storyboard;
			sourceTree = "<group>";
		};
/* End PBXVariantGroup section */

/* Begin XCBuildConfiguration section */
		7E4A5475216939DB00209BAF /* Debug */ = {
			isa = XCBuildConfiguration;
			buildSettings = {
				ALWAYS_SEARCH_USER_PATHS = NO;
				CLANG_ANALYZER_NONNULL = YES;
				CLANG_ANALYZER_NUMBER_OBJECT_CONVERSION = YES_AGGRESSIVE;
				CLANG_CXX_LANGUAGE_STANDARD = "gnu++14";
				CLANG_CXX_LIBRARY = "libc++";
				CLANG_ENABLE_MODULES = YES;
				CLANG_ENABLE_OBJC_ARC = YES;
				CLANG_ENABLE_OBJC_WEAK = YES;
				CLANG_WARN_BLOCK_CAPTURE_AUTORELEASING = YES;
				CLANG_WARN_BOOL_CONVERSION = YES;
				CLANG_WARN_COMMA = YES;
				CLANG_WARN_CONSTANT_CONVERSION = YES;
				CLANG_WARN_DEPRECATED_OBJC_IMPLEMENTATIONS = YES;
				CLANG_WARN_DIRECT_OBJC_ISA_USAGE = YES_ERROR;
				CLANG_WARN_DOCUMENTATION_COMMENTS = YES;
				CLANG_WARN_EMPTY_BODY = YES;
				CLANG_WARN_ENUM_CONVERSION = YES;
				CLANG_WARN_INFINITE_RECURSION = YES;
				CLANG_WARN_INT_CONVERSION = YES;
				CLANG_WARN_NON_LITERAL_NULL_CONVERSION = YES;
				CLANG_WARN_OBJC_IMPLICIT_RETAIN_SELF = YES;
				CLANG_WARN_OBJC_LITERAL_CONVERSION = YES;
				CLANG_WARN_OBJC_ROOT_CLASS = YES_ERROR;
				CLANG_WARN_RANGE_LOOP_ANALYSIS = YES;
				CLANG_WARN_STRICT_PROTOTYPES = YES;
				CLANG_WARN_SUSPICIOUS_MOVE = YES;
				CLANG_WARN_UNGUARDED_AVAILABILITY = YES_AGGRESSIVE;
				CLANG_WARN_UNREACHABLE_CODE = YES;
				CLANG_WARN__DUPLICATE_METHOD_MATCH = YES;
				CODE_SIGN_IDENTITY = "iPhone Developer";
				COPY_PHASE_STRIP = NO;
				DEBUG_INFORMATION_FORMAT = dwarf;
				ENABLE_STRICT_OBJC_MSGSEND = YES;
				ENABLE_TESTABILITY = YES;
				GCC_C_LANGUAGE_STANDARD = gnu11;
				GCC_DYNAMIC_NO_PIC = NO;
				GCC_NO_COMMON_BLOCKS = YES;
				GCC_OPTIMIZATION_LEVEL = 0;
				GCC_PREPROCESSOR_DEFINITIONS = (
					"DEBUG=1",
					"$(inherited)",
				);
				GCC_WARN_64_TO_32_BIT_CONVERSION = YES;
				GCC_WARN_ABOUT_RETURN_TYPE = YES_ERROR;
				GCC_WARN_UNDECLARED_SELECTOR = YES;
				GCC_WARN_UNINITIALIZED_AUTOS = YES_AGGRESSIVE;
				GCC_WARN_UNUSED_FUNCTION = YES;
				GCC_WARN_UNUSED_VARIABLE = YES;
				IPHONEOS_DEPLOYMENT_TARGET = 12.0;
				MTL_ENABLE_DEBUG_INFO = INCLUDE_SOURCE;
				MTL_FAST_MATH = YES;
				ONLY_ACTIVE_ARCH = YES;
				SDKROOT = iphoneos;
				SWIFT_ACTIVE_COMPILATION_CONDITIONS = DEBUG;
				SWIFT_OPTIMIZATION_LEVEL = "-Onone";
			};
			name = Debug;
		};
		7E4A5476216939DB00209BAF /* Release */ = {
			isa = XCBuildConfiguration;
			buildSettings = {
				ALWAYS_SEARCH_USER_PATHS = NO;
				CLANG_ANALYZER_NONNULL = YES;
				CLANG_ANALYZER_NUMBER_OBJECT_CONVERSION = YES_AGGRESSIVE;
				CLANG_CXX_LANGUAGE_STANDARD = "gnu++14";
				CLANG_CXX_LIBRARY = "libc++";
				CLANG_ENABLE_MODULES = YES;
				CLANG_ENABLE_OBJC_ARC = YES;
				CLANG_ENABLE_OBJC_WEAK = YES;
				CLANG_WARN_BLOCK_CAPTURE_AUTORELEASING = YES;
				CLANG_WARN_BOOL_CONVERSION = YES;
				CLANG_WARN_COMMA = YES;
				CLANG_WARN_CONSTANT_CONVERSION = YES;
				CLANG_WARN_DEPRECATED_OBJC_IMPLEMENTATIONS = YES;
				CLANG_WARN_DIRECT_OBJC_ISA_USAGE = YES_ERROR;
				CLANG_WARN_DOCUMENTATION_COMMENTS = YES;
				CLANG_WARN_EMPTY_BODY = YES;
				CLANG_WARN_ENUM_CONVERSION = YES;
				CLANG_WARN_INFINITE_RECURSION = YES;
				CLANG_WARN_INT_CONVERSION = YES;
				CLANG_WARN_NON_LITERAL_NULL_CONVERSION = YES;
				CLANG_WARN_OBJC_IMPLICIT_RETAIN_SELF = YES;
				CLANG_WARN_OBJC_LITERAL_CONVERSION = YES;
				CLANG_WARN_OBJC_ROOT_CLASS = YES_ERROR;
				CLANG_WARN_RANGE_LOOP_ANALYSIS = YES;
				CLANG_WARN_STRICT_PROTOTYPES = YES;
				CLANG_WARN_SUSPICIOUS_MOVE = YES;
				CLANG_WARN_UNGUARDED_AVAILABILITY = YES_AGGRESSIVE;
				CLANG_WARN_UNREACHABLE_CODE = YES;
				CLANG_WARN__DUPLICATE_METHOD_MATCH = YES;
				CODE_SIGN_IDENTITY = "iPhone Developer";
				COPY_PHASE_STRIP = NO;
				DEBUG_INFORMATION_FORMAT = "dwarf-with-dsym";
				ENABLE_NS_ASSERTIONS = NO;
				ENABLE_STRICT_OBJC_MSGSEND = YES;
				GCC_C_LANGUAGE_STANDARD = gnu11;
				GCC_NO_COMMON_BLOCKS = YES;
				GCC_WARN_64_TO_32_BIT_CONVERSION = YES;
				GCC_WARN_ABOUT_RETURN_TYPE = YES_ERROR;
				GCC_WARN_UNDECLARED_SELECTOR = YES;
				GCC_WARN_UNINITIALIZED_AUTOS = YES_AGGRESSIVE;
				GCC_WARN_UNUSED_FUNCTION = YES;
				GCC_WARN_UNUSED_VARIABLE = YES;
				IPHONEOS_DEPLOYMENT_TARGET = 12.0;
				MTL_ENABLE_DEBUG_INFO = NO;
				MTL_FAST_MATH = YES;
				SDKROOT = iphoneos;
				SWIFT_COMPILATION_MODE = wholemodule;
				SWIFT_OPTIMIZATION_LEVEL = "-O";
				VALIDATE_PRODUCT = YES;
			};
			name = Release;
		};
		7E4A5478216939DB00209BAF /* Debug */ = {
			isa = XCBuildConfiguration;
			baseConfigurationReference = D0AD636BF7DEEDC32F3B43A6 /* Pods-Sharwa.co.debug.xcconfig */;
			buildSettings = {
				ASSETCATALOG_COMPILER_APPICON_NAME = AppIcon;
				CODE_SIGN_STYLE = Automatic;
				INFOPLIST_FILE = Sharwa.co/Info.plist;
				LD_RUNPATH_SEARCH_PATHS = (
					"$(inherited)",
					"@executable_path/Frameworks",
				);
				PRODUCT_BUNDLE_IDENTIFIER = "Ahmed-Elbasha.Sharwa-co";
				PRODUCT_NAME = "$(TARGET_NAME)";
				SWIFT_VERSION = 4.2;
				TARGETED_DEVICE_FAMILY = "1,2";
			};
			name = Debug;
		};
		7E4A5479216939DB00209BAF /* Release */ = {
			isa = XCBuildConfiguration;
			baseConfigurationReference = A4B8B15ACAB0D755C5811C0F /* Pods-Sharwa.co.release.xcconfig */;
			buildSettings = {
				ASSETCATALOG_COMPILER_APPICON_NAME = AppIcon;
				CODE_SIGN_STYLE = Automatic;
				INFOPLIST_FILE = Sharwa.co/Info.plist;
				LD_RUNPATH_SEARCH_PATHS = (
					"$(inherited)",
					"@executable_path/Frameworks",
				);
				PRODUCT_BUNDLE_IDENTIFIER = "Ahmed-Elbasha.Sharwa-co";
				PRODUCT_NAME = "$(TARGET_NAME)";
				SWIFT_VERSION = 4.2;
				TARGETED_DEVICE_FAMILY = "1,2";
			};
			name = Release;
		};
/* End XCBuildConfiguration section */

/* Begin XCConfigurationList section */
		7E4A5460216939D400209BAF /* Build configuration list for PBXProject "Sharwa.co" */ = {
			isa = XCConfigurationList;
			buildConfigurations = (
				7E4A5475216939DB00209BAF /* Debug */,
				7E4A5476216939DB00209BAF /* Release */,
			);
			defaultConfigurationIsVisible = 0;
			defaultConfigurationName = Release;
		};
		7E4A5477216939DB00209BAF /* Build configuration list for PBXNativeTarget "Sharwa.co" */ = {
			isa = XCConfigurationList;
			buildConfigurations = (
				7E4A5478216939DB00209BAF /* Debug */,
				7E4A5479216939DB00209BAF /* Release */,
			);
			defaultConfigurationIsVisible = 0;
			defaultConfigurationName = Release;
		};
/* End XCConfigurationList section */
	};
	rootObject = 7E4A545D216939D400209BAF /* Project object */;
}
